
Microsoft Visual Studio Solution File, Format Version 12.00
# Visual Studio 15
VisualStudioVersion = 15.0.34112.143
MinimumVisualStudioVersion = 10.0.40219.1
Project("{8BC9CEB8-8B4A-11D0-8D11-00A0C91BC942}") = "P15", "P15\P15.vcxproj", "{F72DC115-956A-4CE5-BC0F-2A693D6672CA}"
EndProject
Global
	GlobalSection(SolutionConfigurationPlatforms) = preSolution
		Debug|x64 = Debug|x64
		Debug|x86 = Debug|x86
		Release|x64 = Release|x64
		Release|x86 = Release|x86
	EndGlobalSection
	GlobalSection(ProjectConfigurationPlatforms) = postSolution
		{F72DC115-956A-4CE5-BC0F-2A693D6672CA}.Debug|x64.ActiveCfg = Debug|x64
		{F72DC115-956A-4CE5-BC0F-2A693D6672CA}.Debug|x64.Build.0 = Debug|x64
		{F72DC115-956A-4CE5-BC0F-2A693D6672CA}.Debug|x86.ActiveCfg = Debug|Win32
		{F72DC115-956A-4CE5-BC0F-2A693D6672CA}.Debug|x86.Build.0 = Debug|Win32
		{F72DC115-956A-4CE5-BC0F-2A693D6672CA}.Release|x64.ActiveCfg = Release|x64
		{F72DC115-956A-4CE5-BC0F-2A693D6672CA}.Release|x64.Build.0 = Release|x64
		{F72DC115-956A-4CE5-BC0F-2A693D6672CA}.Release|x86.ActiveCfg = Release|Win32
		{F72DC115-956A-4CE5-BC0F-2A693D6672CA}.Release|x86.Build.0 = Release|Win32
	EndGlobalSection
	GlobalSection(SolutionProperties) = preSolution
		HideSolutionNode = FALSE
	EndGlobalSection
	GlobalSection(ExtensibilityGlobals) = postSolution
		SolutionGuid = {2D104D9F-34EC-4887-B440-2E47E2C1DCCC}
	EndGlobalSection
EndGlobal
